{
  "nodes": {
    "flake-utils": {
      "inputs": {
        "systems": "systems"
      },
      "locked": {
        "lastModified": 1710146030,
        "narHash": "sha256-SZ5L6eA7HJ/nmkzGG7/ISclqe6oZdOZTNoesiInkXPQ=",
        "owner": "numtide",
        "repo": "flake-utils",
        "rev": "b1d9ab70662946ef0850d488da1c9019f3a9752a",
        "type": "github"
      },
      "original": {
        "owner": "numtide",
        "repo": "flake-utils",
        "type": "github"
      }
    },
    "nixpkgs": {
      "locked": {
        "lastModified": 1710451336,
        "narHash": "sha256-pP86Pcfu3BrAvRO7R64x7hs+GaQrjFes+mEPowCfkxY=",
        "owner": "nixos",
        "repo": "nixpkgs",
        "rev": "d691274a972b3165335d261cc4671335f5c67de9",
        "type": "github"
      },
      "original": {
        "owner": "nixos",
        "ref": "nixos-unstable",
        "repo": "nixpkgs",
        "type": "github"
      }
    },
    "nixpkgs-go-v1_22_2": {
      "locked": {
        "lastModified": 1713562564,
        "narHash": "sha256-NQpYhgoy0M89g9whRixSwsHb8RFIbwlxeYiVSDwSXJg=",
        "owner": "nixos",
        "repo": "nixpkgs",
        "rev": "92d295f588631b0db2da509f381b4fb1e74173c5",
        "type": "github"
      },
      "original": {
        "owner": "nixos",
        "repo": "nixpkgs",
        "rev": "92d295f588631b0db2da509f381b4fb1e74173c5",
        "type": "github"
      }
    },
    "nixpkgs-pw-v1_40": {
      "locked": {
        "lastModified": 1711106783,
        "narHash": "sha256-PDwAcHahc6hEimyrgGmFdft75gmLrJOZ0txX7lFqq+I=",
        "owner": "nixos",
        "repo": "nixpkgs",
        "rev": "a3ed7406349a9335cb4c2a71369b697cecd9d351",
        "type": "github"
      },
      "original": {
        "owner": "nixos",
        "repo": "nixpkgs",
        "rev": "a3ed7406349a9335cb4c2a71369b697cecd9d351",
        "type": "github"
      }
    },
    "root": {
      "inputs": {
        "flake-utils": "flake-utils",
        "nixpkgs": "nixpkgs",
        "nixpkgs-go-v1_22_2": "nixpkgs-go-v1_22_2",
        "nixpkgs-pw-v1_40": "nixpkgs-pw-v1_40"
      }
    },
    "systems": {
      "locked": {
        "lastModified": 1681028828,
        "narHash": "sha256-Vy1rq5AaRuLzOxct8nz4T6wlgyUR7zLU309k9mBC768=",
        "owner": "nix-systems",
        "repo": "default",
        "rev": "da67096a3b9bf56a91d16901293e51ba5b49a27e",
        "type": "github"
      },
      "original": {
        "owner": "nix-systems",
        "repo": "default",
        "type": "github"
      }
    }
  },
  "root": "root",
  "version": 7
}
